
Microsoft Visual Studio Solution File, Format Version 10.00
# Visual Studio 2008
Project("{FAE04EC0-301F-11D3-BF4B-00C04F79EFBC}") = "Custom", "Custom.csproj", "{8E5EEA51-B1A7-4132-BD79-8A4B826FDF38}"
EndProject
Global
	GlobalSection(SolutionConfigurationPlatforms) = preSolution
		Debug|Any CPU = Debug|Any CPU
		Release|Any CPU = Release|Any CPU
	EndGlobalSection
	GlobalSection(ProjectConfigurationPlatforms) = postSolution
		{8E5EEA51-B1A7-4132-BD79-8A4B826FDF38}.Debug|Any CPU.ActiveCfg = Debug|Any CPU
		{8E5EEA51-B1A7-4132-BD79-8A4B826FDF38}.Debug|Any CPU.Build.0 = Debug|Any CPU
		{8E5EEA51-B1A7-4132-BD79-8A4B826FDF38}.Release|Any CPU.ActiveCfg = Release|Any CPU
		{8E5EEA51-B1A7-4132-BD79-8A4B826FDF38}.Release|Any CPU.Build.0 = Release|Any CPU
	EndGlobalSection
	GlobalSection(SolutionProperties) = preSolution
		HideSolutionNode = FALSE
	EndGlobalSection
EndGlobal
